
Microsoft Visual Studio Solution File, Format Version 12.00
# Visual Studio 15
VisualStudioVersion = 15.0.28010.2026
MinimumVisualStudioVersion = 10.0.40219.1
Project("{FAE04EC0-301F-11D3-BF4B-00C04F79EFBC}") = "OBM.Data", "OBM.Data\OBM.Data.csproj", "{756E06AB-498C-412B-B061-18A2A12A4100}"
EndProject
Project("{FAE04EC0-301F-11D3-BF4B-00C04F79EFBC}") = "OBM.Service", "OBM.Service\OBM.Service.csproj", "{7E8117B3-722F-46E3-92D8-72FA3F5475AA}"
EndProject
Project("{FAE04EC0-301F-11D3-BF4B-00C04F79EFBC}") = "OBM.App", "OBM.App\OBM.App.csproj", "{ED389C9E-FE7B-4812-BF9F-2820CEC40A1A}"
EndProject
Global
	GlobalSection(SolutionConfigurationPlatforms) = preSolution
		Debug|Any CPU = Debug|Any CPU
		Release|Any CPU = Release|Any CPU
	EndGlobalSection
	GlobalSection(ProjectConfigurationPlatforms) = postSolution
		{756E06AB-498C-412B-B061-18A2A12A4100}.Debug|Any CPU.ActiveCfg = Debug|Any CPU
		{756E06AB-498C-412B-B061-18A2A12A4100}.Debug|Any CPU.Build.0 = Debug|Any CPU
		{756E06AB-498C-412B-B061-18A2A12A4100}.Release|Any CPU.ActiveCfg = Release|Any CPU
		{756E06AB-498C-412B-B061-18A2A12A4100}.Release|Any CPU.Build.0 = Release|Any CPU
		{7E8117B3-722F-46E3-92D8-72FA3F5475AA}.Debug|Any CPU.ActiveCfg = Debug|Any CPU
		{7E8117B3-722F-46E3-92D8-72FA3F5475AA}.Debug|Any CPU.Build.0 = Debug|Any CPU
		{7E8117B3-722F-46E3-92D8-72FA3F5475AA}.Release|Any CPU.ActiveCfg = Release|Any CPU
		{7E8117B3-722F-46E3-92D8-72FA3F5475AA}.Release|Any CPU.Build.0 = Release|Any CPU
		{ED389C9E-FE7B-4812-BF9F-2820CEC40A1A}.Debug|Any CPU.ActiveCfg = Debug|Any CPU
		{ED389C9E-FE7B-4812-BF9F-2820CEC40A1A}.Debug|Any CPU.Build.0 = Debug|Any CPU
		{ED389C9E-FE7B-4812-BF9F-2820CEC40A1A}.Release|Any CPU.ActiveCfg = Release|Any CPU
		{ED389C9E-FE7B-4812-BF9F-2820CEC40A1A}.Release|Any CPU.Build.0 = Release|Any CPU
	EndGlobalSection
	GlobalSection(SolutionProperties) = preSolution
		HideSolutionNode = FALSE
	EndGlobalSection
	GlobalSection(ExtensibilityGlobals) = postSolution
		SolutionGuid = {28F80821-90D4-4739-9B35-028692940E5C}
	EndGlobalSection
EndGlobal
